
Microsoft Visual Studio Solution File, Format Version 12.00
# Visual Studio 14
VisualStudioVersion = 14.0.25420.1
MinimumVisualStudioVersion = 10.0.40219.1
Project("{8BC9CEB8-8B4A-11D0-8D11-00A0C91BC942}") = "22-Sep-2016", "PS\PS.vcxproj", "{322E0478-8BEF-453C-A791-17ABF6E2A6B3}"
EndProject
Project("{8BC9CEB8-8B4A-11D0-8D11-00A0C91BC942}") = "23-Sep-2016", "23-Sep-2016\23-Sep-2016.vcxproj", "{4EDF96E3-0527-40B8-97A7-68514538EAA0}"
EndProject
Project("{8BC9CEB8-8B4A-11D0-8D11-00A0C91BC942}") = "26-Sep-2016", "26-Sep-2016\26-Sep-2016.vcxproj", "{9D7AAC6C-7004-429B-88BE-CEB152EE1C7A}"
EndProject
Global
	GlobalSection(SolutionConfigurationPlatforms) = preSolution
		Debug|x64 = Debug|x64
		Debug|x86 = Debug|x86
		Release|x64 = Release|x64
		Release|x86 = Release|x86
	EndGlobalSection
	GlobalSection(ProjectConfigurationPlatforms) = postSolution
		{322E0478-8BEF-453C-A791-17ABF6E2A6B3}.Debug|x64.ActiveCfg = Debug|x64
		{322E0478-8BEF-453C-A791-17ABF6E2A6B3}.Debug|x64.Build.0 = Debug|x64
		{322E0478-8BEF-453C-A791-17ABF6E2A6B3}.Debug|x86.ActiveCfg = Debug|Win32
		{322E0478-8BEF-453C-A791-17ABF6E2A6B3}.Debug|x86.Build.0 = Debug|Win32
		{322E0478-8BEF-453C-A791-17ABF6E2A6B3}.Release|x64.ActiveCfg = Release|x64
		{322E0478-8BEF-453C-A791-17ABF6E2A6B3}.Release|x64.Build.0 = Release|x64
		{322E0478-8BEF-453C-A791-17ABF6E2A6B3}.Release|x86.ActiveCfg = Release|Win32
		{322E0478-8BEF-453C-A791-17ABF6E2A6B3}.Release|x86.Build.0 = Release|Win32
		{4EDF96E3-0527-40B8-97A7-68514538EAA0}.Debug|x64.ActiveCfg = Debug|x64
		{4EDF96E3-0527-40B8-97A7-68514538EAA0}.Debug|x64.Build.0 = Debug|x64
		{4EDF96E3-0527-40B8-97A7-68514538EAA0}.Debug|x86.ActiveCfg = Debug|Win32
		{4EDF96E3-0527-40B8-97A7-68514538EAA0}.Debug|x86.Build.0 = Debug|Win32
		{4EDF96E3-0527-40B8-97A7-68514538EAA0}.Release|x64.ActiveCfg = Release|x64
		{4EDF96E3-0527-40B8-97A7-68514538EAA0}.Release|x64.Build.0 = Release|x64
		{4EDF96E3-0527-40B8-97A7-68514538EAA0}.Release|x86.ActiveCfg = Release|Win32
		{4EDF96E3-0527-40B8-97A7-68514538EAA0}.Release|x86.Build.0 = Release|Win32
		{9D7AAC6C-7004-429B-88BE-CEB152EE1C7A}.Debug|x64.ActiveCfg = Debug|x64
		{9D7AAC6C-7004-429B-88BE-CEB152EE1C7A}.Debug|x64.Build.0 = Debug|x64
		{9D7AAC6C-7004-429B-88BE-CEB152EE1C7A}.Debug|x86.ActiveCfg = Debug|Win32
		{9D7AAC6C-7004-429B-88BE-CEB152EE1C7A}.Debug|x86.Build.0 = Debug|Win32
		{9D7AAC6C-7004-429B-88BE-CEB152EE1C7A}.Release|x64.ActiveCfg = Release|x64
		{9D7AAC6C-7004-429B-88BE-CEB152EE1C7A}.Release|x64.Build.0 = Release|x64
		{9D7AAC6C-7004-429B-88BE-CEB152EE1C7A}.Release|x86.ActiveCfg = Release|Win32
		{9D7AAC6C-7004-429B-88BE-CEB152EE1C7A}.Release|x86.Build.0 = Release|Win32
	EndGlobalSection
	GlobalSection(SolutionProperties) = preSolution
		HideSolutionNode = FALSE
	EndGlobalSection
EndGlobal
